
Microsoft Visual Studio Solution File, Format Version 12.00
# Visual Studio Version 17
VisualStudioVersion = 17.14.36518.9
MinimumVisualStudioVersion = 10.0.40219.1
Project("{FAE04EC0-301F-11D3-BF4B-00C04F79EFBC}") = "ChatServer", "ChatServer\ChatServer.csproj", "{11E021D4-C845-4986-9121-11749D520279}"
EndProject
Project("{FAE04EC0-301F-11D3-BF4B-00C04F79EFBC}") = "ChatClient", "ChatClient\ChatClient.csproj", "{549F21A3-F295-4FE3-A636-569EE6EF9A3D}"
EndProject
Global
	GlobalSection(SolutionConfigurationPlatforms) = preSolution
		Debug|Any CPU = Debug|Any CPU
		Release|Any CPU = Release|Any CPU
	EndGlobalSection
	GlobalSection(ProjectConfigurationPlatforms) = postSolution
		{11E021D4-C845-4986-9121-11749D520279}.Debug|Any CPU.ActiveCfg = Debug|Any CPU
		{11E021D4-C845-4986-9121-11749D520279}.Debug|Any CPU.Build.0 = Debug|Any CPU
		{11E021D4-C845-4986-9121-11749D520279}.Release|Any CPU.ActiveCfg = Release|Any CPU
		{11E021D4-C845-4986-9121-11749D520279}.Release|Any CPU.Build.0 = Release|Any CPU
		{549F21A3-F295-4FE3-A636-569EE6EF9A3D}.Debug|Any CPU.ActiveCfg = Debug|Any CPU
		{549F21A3-F295-4FE3-A636-569EE6EF9A3D}.Debug|Any CPU.Build.0 = Debug|Any CPU
		{549F21A3-F295-4FE3-A636-569EE6EF9A3D}.Release|Any CPU.ActiveCfg = Release|Any CPU
		{549F21A3-F295-4FE3-A636-569EE6EF9A3D}.Release|Any CPU.Build.0 = Release|Any CPU
	EndGlobalSection
	GlobalSection(SolutionProperties) = preSolution
		HideSolutionNode = FALSE
	EndGlobalSection
	GlobalSection(ExtensibilityGlobals) = postSolution
		SolutionGuid = {FE592C4E-E2BB-46B2-9E6B-035F35FD3742}
	EndGlobalSection
EndGlobal
